
Microsoft Visual Studio Solution File, Format Version 12.00
# Visual Studio Version 17
VisualStudioVersion = 17.14.36518.9 d17.14
MinimumVisualStudioVersion = 10.0.40219.1
Project("{FAE04EC0-301F-11D3-BF4B-00C04F79EFBC}") = "Assignment12", "Assignment12\Assignment12.csproj", "{85939FED-6289-4F88-907E-B7DB08BF42A8}"
EndProject
Global
	GlobalSection(SolutionConfigurationPlatforms) = preSolution
		Debug|Any CPU = Debug|Any CPU
		Release|Any CPU = Release|Any CPU
	EndGlobalSection
	GlobalSection(ProjectConfigurationPlatforms) = postSolution
		{85939FED-6289-4F88-907E-B7DB08BF42A8}.Debug|Any CPU.ActiveCfg = Debug|Any CPU
		{85939FED-6289-4F88-907E-B7DB08BF42A8}.Debug|Any CPU.Build.0 = Debug|Any CPU
		{85939FED-6289-4F88-907E-B7DB08BF42A8}.Release|Any CPU.ActiveCfg = Release|Any CPU
		{85939FED-6289-4F88-907E-B7DB08BF42A8}.Release|Any CPU.Build.0 = Release|Any CPU
	EndGlobalSection
	GlobalSection(SolutionProperties) = preSolution
		HideSolutionNode = FALSE
	EndGlobalSection
	GlobalSection(ExtensibilityGlobals) = postSolution
		SolutionGuid = {C4EEFC8C-BC83-42C1-9A30-6278E8E303C3}
	EndGlobalSection
EndGlobal
